
Microsoft Visual Studio Solution File, Format Version 12.00
# Visual Studio Version 16
VisualStudioVersion = 16.0.29326.143
MinimumVisualStudioVersion = 10.0.40219.1
Project("{FAE04EC0-301F-11D3-BF4B-00C04F79EFBC}") = "XdbTracker", "XdbTracker\XdbTracker.csproj", "{42AD460D-CF58-4FE4-A325-4EEAFF8A1C1D}"
EndProject
Global
	GlobalSection(SolutionConfigurationPlatforms) = preSolution
		Debug|Any CPU = Debug|Any CPU
		Release|Any CPU = Release|Any CPU
	EndGlobalSection
	GlobalSection(ProjectConfigurationPlatforms) = postSolution
		{42AD460D-CF58-4FE4-A325-4EEAFF8A1C1D}.Debug|Any CPU.ActiveCfg = Debug|Any CPU
		{42AD460D-CF58-4FE4-A325-4EEAFF8A1C1D}.Debug|Any CPU.Build.0 = Debug|Any CPU
		{42AD460D-CF58-4FE4-A325-4EEAFF8A1C1D}.Release|Any CPU.ActiveCfg = Release|Any CPU
		{42AD460D-CF58-4FE4-A325-4EEAFF8A1C1D}.Release|Any CPU.Build.0 = Release|Any CPU
	EndGlobalSection
	GlobalSection(SolutionProperties) = preSolution
		HideSolutionNode = FALSE
	EndGlobalSection
	GlobalSection(ExtensibilityGlobals) = postSolution
		SolutionGuid = {F2A1C937-E14E-422F-9128-B1AC6A0EB86A}
	EndGlobalSection
EndGlobal
